
Microsoft Visual Studio Solution File, Format Version 12.00
# Visual Studio 14
VisualStudioVersion = 14.0.25420.1
MinimumVisualStudioVersion = 10.0.40219.1
Project("{2150E333-8FDC-42A3-9474-1A3956D46DE8}") = "Web", "Web", "{505568FA-2E2D-466C-9D09-37CC7167D2DF}"
EndProject
Project("{FAE04EC0-301F-11D3-BF4B-00C04F79EFBC}") = "CF.Web", "CF.Web\CF.Web.csproj", "{130D2EFA-DACA-4131-AFA3-9FFFDA7E14BC}"
EndProject
Project("{2150E333-8FDC-42A3-9474-1A3956D46DE8}") = "_Core", "_Core", "{D596B4EB-6F35-4180-AAC9-2348662DDD0A}"
EndProject
Project("{FAE04EC0-301F-11D3-BF4B-00C04F79EFBC}") = "CF.Core.Cache", "CF.Core.Cache\CF.Core.Cache.csproj", "{C0ACC6B5-9D4C-443E-85F2-CCC8E49E5254}"
EndProject
Project("{FAE04EC0-301F-11D3-BF4B-00C04F79EFBC}") = "CF.Core.Config", "CF.Core.Config\CF.Core.Config.csproj", "{0939273B-B12D-4198-9B12-A32DC1F6FA8F}"
EndProject
Project("{FAE04EC0-301F-11D3-BF4B-00C04F79EFBC}") = "CF.Core.Log", "CF.Core.Log\CF.Core.Log.csproj", "{3E05CAB5-EECC-484F-BC25-C1F83CC49D55}"
EndProject
Project("{FAE04EC0-301F-11D3-BF4B-00C04F79EFBC}") = "CF.Core.Module", "CF.Core.Module\CF.Core.Module.csproj", "{8213D5C1-1AA8-4AFA-B52F-D319A25E4D60}"
EndProject
Project("{FAE04EC0-301F-11D3-BF4B-00C04F79EFBC}") = "CF.Core.Service", "CF.Core.Service\CF.Core.Service.csproj", "{1DB52E99-1B9B-4E5B-A0FD-B80EEDB96FC4}"
EndProject
Project("{FAE04EC0-301F-11D3-BF4B-00C04F79EFBC}") = "CF.Core.Upload", "CF.Core.Upload\CF.Core.Upload.csproj", "{3922D1DD-AC6A-4775-87B6-483617E9504F}"
EndProject
Project("{FAE04EC0-301F-11D3-BF4B-00C04F79EFBC}") = "CF.SQLServer.DAL", "CF.SQLServer.DAL\CF.SQLServer.DAL.csproj", "{AAB8A362-EA2C-4327-87C4-D31AB84322C9}"
EndProject
Project("{2150E333-8FDC-42A3-9474-1A3956D46DE8}") = "_Framework", "_Framework", "{CCBF1859-CF7E-4AA6-96CB-864E1AD54087}"
EndProject
Project("{FAE04EC0-301F-11D3-BF4B-00C04F79EFBC}") = "CF.Framework.DAL", "CF.Framework.DAL\CF.Framework.DAL.csproj", "{B630B2D5-0134-4AF3-B006-C4004A00238A}"
EndProject
Project("{FAE04EC0-301F-11D3-BF4B-00C04F79EFBC}") = "CF.Framework.Utility", "CF.Framework.Utility\CF.Framework.Utility.csproj", "{0A273CF6-07E9-43BC-BFC2-B7DFEC262CEA}"
EndProject
Project("{FAE04EC0-301F-11D3-BF4B-00C04F79EFBC}") = "CF.Framework.Web", "CF.Framework.Web\CF.Framework.Web.csproj", "{4FF97F31-9329-4146-A57A-20FFF220F864}"
EndProject
Project("{FAE04EC0-301F-11D3-BF4B-00C04F79EFBC}") = "CF.Framework.Contract", "CF.Framework.Contract\CF.Framework.Contract.csproj", "{AAF50620-C042-425B-94A4-5866BA923489}"
EndProject
Project("{2150E333-8FDC-42A3-9474-1A3956D46DE8}") = "Account", "Account", "{8553347A-1881-4529-A703-1457B04CC7A9}"
EndProject
Project("{FAE04EC0-301F-11D3-BF4B-00C04F79EFBC}") = "CF.Account.BLL", "CF.Account.BLL\CF.Account.BLL.csproj", "{BB26954A-53DF-43F8-A6B3-E38B3913B2A5}"
EndProject
Project("{FAE04EC0-301F-11D3-BF4B-00C04F79EFBC}") = "CF.Account.Contract", "CF.Account.Contract\CF.Account.Contract.csproj", "{34D4F99F-49CD-41B9-B628-4EDBFAD3D789}"
EndProject
Project("{FAE04EC0-301F-11D3-BF4B-00C04F79EFBC}") = "CF.Account.DAL", "CF.Account.DAL\CF.Account.DAL.csproj", "{918C68A2-384F-4B06-BEBF-76167D4B8B43}"
EndProject
Project("{FAE04EC0-301F-11D3-BF4B-00C04F79EFBC}") = "CF2025.Web.Admin", "CF2025.Web.Admin\CF2025.Web.Admin.csproj", "{6C9016E4-7AF8-44C7-B916-286540DE7E6D}"
EndProject
Project("{2150E333-8FDC-42A3-9474-1A3956D46DE8}") = "Sys", "Sys", "{B86CCB7E-A66A-4F7C-BADB-5009B5939C4C}"
EndProject
Project("{FAE04EC0-301F-11D3-BF4B-00C04F79EFBC}") = "CF2025.Sys.Contract", "CF2025.Sys.Contract\CF2025.Sys.Contract.csproj", "{BE9409EB-D0C4-4E12-8779-536CDB062506}"
EndProject
Project("{FAE04EC0-301F-11D3-BF4B-00C04F79EFBC}") = "CF2025.Sys.DAL", "CF2025.Sys.DAL\CF2025.Sys.DAL.csproj", "{3E0749C3-CFA4-4AC7-BA31-37649D4955F6}"
EndProject
Project("{2150E333-8FDC-42A3-9474-1A3956D46DE8}") = "Sale", "Sale", "{9B559BCF-246A-4C14-9497-FFE6961FFF5D}"
EndProject
Project("{FAE04EC0-301F-11D3-BF4B-00C04F79EFBC}") = "CF.Sale.Contract", "CF.Sale.Contract\CF.Sale.Contract.csproj", "{344B8969-EF75-412F-B91B-C8A102613696}"
EndProject
Project("{FAE04EC0-301F-11D3-BF4B-00C04F79EFBC}") = "CF.Sale.DAL", "CF.Sale.DAL\CF.Sale.DAL.csproj", "{DCCE56B7-D7B3-4298-964F-E08468E64E43}"
EndProject
Global
	GlobalSection(SolutionConfigurationPlatforms) = preSolution
		Debug|Any CPU = Debug|Any CPU
		Release|Any CPU = Release|Any CPU
	EndGlobalSection
	GlobalSection(ProjectConfigurationPlatforms) = postSolution
		{130D2EFA-DACA-4131-AFA3-9FFFDA7E14BC}.Debug|Any CPU.ActiveCfg = Debug|Any CPU
		{130D2EFA-DACA-4131-AFA3-9FFFDA7E14BC}.Debug|Any CPU.Build.0 = Debug|Any CPU
		{130D2EFA-DACA-4131-AFA3-9FFFDA7E14BC}.Release|Any CPU.ActiveCfg = Release|Any CPU
		{130D2EFA-DACA-4131-AFA3-9FFFDA7E14BC}.Release|Any CPU.Build.0 = Release|Any CPU
		{C0ACC6B5-9D4C-443E-85F2-CCC8E49E5254}.Debug|Any CPU.ActiveCfg = Debug|Any CPU
		{C0ACC6B5-9D4C-443E-85F2-CCC8E49E5254}.Debug|Any CPU.Build.0 = Debug|Any CPU
		{C0ACC6B5-9D4C-443E-85F2-CCC8E49E5254}.Release|Any CPU.ActiveCfg = Release|Any CPU
		{C0ACC6B5-9D4C-443E-85F2-CCC8E49E5254}.Release|Any CPU.Build.0 = Release|Any CPU
		{0939273B-B12D-4198-9B12-A32DC1F6FA8F}.Debug|Any CPU.ActiveCfg = Debug|Any CPU
		{0939273B-B12D-4198-9B12-A32DC1F6FA8F}.Debug|Any CPU.Build.0 = Debug|Any CPU
		{0939273B-B12D-4198-9B12-A32DC1F6FA8F}.Release|Any CPU.ActiveCfg = Release|Any CPU
		{0939273B-B12D-4198-9B12-A32DC1F6FA8F}.Release|Any CPU.Build.0 = Release|Any CPU
		{3E05CAB5-EECC-484F-BC25-C1F83CC49D55}.Debug|Any CPU.ActiveCfg = Debug|Any CPU
		{3E05CAB5-EECC-484F-BC25-C1F83CC49D55}.Debug|Any CPU.Build.0 = Debug|Any CPU
		{3E05CAB5-EECC-484F-BC25-C1F83CC49D55}.Release|Any CPU.ActiveCfg = Release|Any CPU
		{3E05CAB5-EECC-484F-BC25-C1F83CC49D55}.Release|Any CPU.Build.0 = Release|Any CPU
		{8213D5C1-1AA8-4AFA-B52F-D319A25E4D60}.Debug|Any CPU.ActiveCfg = Debug|Any CPU
		{8213D5C1-1AA8-4AFA-B52F-D319A25E4D60}.Debug|Any CPU.Build.0 = Debug|Any CPU
		{8213D5C1-1AA8-4AFA-B52F-D319A25E4D60}.Release|Any CPU.ActiveCfg = Release|Any CPU
		{8213D5C1-1AA8-4AFA-B52F-D319A25E4D60}.Release|Any CPU.Build.0 = Release|Any CPU
		{1DB52E99-1B9B-4E5B-A0FD-B80EEDB96FC4}.Debug|Any CPU.ActiveCfg = Debug|Any CPU
		{1DB52E99-1B9B-4E5B-A0FD-B80EEDB96FC4}.Debug|Any CPU.Build.0 = Debug|Any CPU
		{1DB52E99-1B9B-4E5B-A0FD-B80EEDB96FC4}.Release|Any CPU.ActiveCfg = Release|Any CPU
		{1DB52E99-1B9B-4E5B-A0FD-B80EEDB96FC4}.Release|Any CPU.Build.0 = Release|Any CPU
		{3922D1DD-AC6A-4775-87B6-483617E9504F}.Debug|Any CPU.ActiveCfg = Debug|Any CPU
		{3922D1DD-AC6A-4775-87B6-483617E9504F}.Debug|Any CPU.Build.0 = Debug|Any CPU
		{3922D1DD-AC6A-4775-87B6-483617E9504F}.Release|Any CPU.ActiveCfg = Release|Any CPU
		{3922D1DD-AC6A-4775-87B6-483617E9504F}.Release|Any CPU.Build.0 = Release|Any CPU
		{AAB8A362-EA2C-4327-87C4-D31AB84322C9}.Debug|Any CPU.ActiveCfg = Debug|Any CPU
		{AAB8A362-EA2C-4327-87C4-D31AB84322C9}.Debug|Any CPU.Build.0 = Debug|Any CPU
		{AAB8A362-EA2C-4327-87C4-D31AB84322C9}.Release|Any CPU.ActiveCfg = Release|Any CPU
		{AAB8A362-EA2C-4327-87C4-D31AB84322C9}.Release|Any CPU.Build.0 = Release|Any CPU
		{B630B2D5-0134-4AF3-B006-C4004A00238A}.Debug|Any CPU.ActiveCfg = Debug|Any CPU
		{B630B2D5-0134-4AF3-B006-C4004A00238A}.Debug|Any CPU.Build.0 = Debug|Any CPU
		{B630B2D5-0134-4AF3-B006-C4004A00238A}.Release|Any CPU.ActiveCfg = Release|Any CPU
		{B630B2D5-0134-4AF3-B006-C4004A00238A}.Release|Any CPU.Build.0 = Release|Any CPU
		{0A273CF6-07E9-43BC-BFC2-B7DFEC262CEA}.Debug|Any CPU.ActiveCfg = Debug|Any CPU
		{0A273CF6-07E9-43BC-BFC2-B7DFEC262CEA}.Debug|Any CPU.Build.0 = Debug|Any CPU
		{0A273CF6-07E9-43BC-BFC2-B7DFEC262CEA}.Release|Any CPU.ActiveCfg = Release|Any CPU
		{0A273CF6-07E9-43BC-BFC2-B7DFEC262CEA}.Release|Any CPU.Build.0 = Release|Any CPU
		{4FF97F31-9329-4146-A57A-20FFF220F864}.Debug|Any CPU.ActiveCfg = Debug|Any CPU
		{4FF97F31-9329-4146-A57A-20FFF220F864}.Debug|Any CPU.Build.0 = Debug|Any CPU
		{4FF97F31-9329-4146-A57A-20FFF220F864}.Release|Any CPU.ActiveCfg = Release|Any CPU
		{4FF97F31-9329-4146-A57A-20FFF220F864}.Release|Any CPU.Build.0 = Release|Any CPU
		{AAF50620-C042-425B-94A4-5866BA923489}.Debug|Any CPU.ActiveCfg = Debug|Any CPU
		{AAF50620-C042-425B-94A4-5866BA923489}.Debug|Any CPU.Build.0 = Debug|Any CPU
		{AAF50620-C042-425B-94A4-5866BA923489}.Release|Any CPU.ActiveCfg = Release|Any CPU
		{AAF50620-C042-425B-94A4-5866BA923489}.Release|Any CPU.Build.0 = Release|Any CPU
		{BB26954A-53DF-43F8-A6B3-E38B3913B2A5}.Debug|Any CPU.ActiveCfg = Debug|Any CPU
		{BB26954A-53DF-43F8-A6B3-E38B3913B2A5}.Debug|Any CPU.Build.0 = Debug|Any CPU
		{BB26954A-53DF-43F8-A6B3-E38B3913B2A5}.Release|Any CPU.ActiveCfg = Release|Any CPU
		{BB26954A-53DF-43F8-A6B3-E38B3913B2A5}.Release|Any CPU.Build.0 = Release|Any CPU
		{34D4F99F-49CD-41B9-B628-4EDBFAD3D789}.Debug|Any CPU.ActiveCfg = Debug|Any CPU
		{34D4F99F-49CD-41B9-B628-4EDBFAD3D789}.Debug|Any CPU.Build.0 = Debug|Any CPU
		{34D4F99F-49CD-41B9-B628-4EDBFAD3D789}.Release|Any CPU.ActiveCfg = Release|Any CPU
		{34D4F99F-49CD-41B9-B628-4EDBFAD3D789}.Release|Any CPU.Build.0 = Release|Any CPU
		{918C68A2-384F-4B06-BEBF-76167D4B8B43}.Debug|Any CPU.ActiveCfg = Debug|Any CPU
		{918C68A2-384F-4B06-BEBF-76167D4B8B43}.Debug|Any CPU.Build.0 = Debug|Any CPU
		{918C68A2-384F-4B06-BEBF-76167D4B8B43}.Release|Any CPU.ActiveCfg = Release|Any CPU
		{918C68A2-384F-4B06-BEBF-76167D4B8B43}.Release|Any CPU.Build.0 = Release|Any CPU
		{6C9016E4-7AF8-44C7-B916-286540DE7E6D}.Debug|Any CPU.ActiveCfg = Debug|Any CPU
		{6C9016E4-7AF8-44C7-B916-286540DE7E6D}.Debug|Any CPU.Build.0 = Debug|Any CPU
		{6C9016E4-7AF8-44C7-B916-286540DE7E6D}.Release|Any CPU.ActiveCfg = Release|Any CPU
		{6C9016E4-7AF8-44C7-B916-286540DE7E6D}.Release|Any CPU.Build.0 = Release|Any CPU
		{BE9409EB-D0C4-4E12-8779-536CDB062506}.Debug|Any CPU.ActiveCfg = Debug|Any CPU
		{BE9409EB-D0C4-4E12-8779-536CDB062506}.Debug|Any CPU.Build.0 = Debug|Any CPU
		{BE9409EB-D0C4-4E12-8779-536CDB062506}.Release|Any CPU.ActiveCfg = Release|Any CPU
		{BE9409EB-D0C4-4E12-8779-536CDB062506}.Release|Any CPU.Build.0 = Release|Any CPU
		{3E0749C3-CFA4-4AC7-BA31-37649D4955F6}.Debug|Any CPU.ActiveCfg = Debug|Any CPU
		{3E0749C3-CFA4-4AC7-BA31-37649D4955F6}.Debug|Any CPU.Build.0 = Debug|Any CPU
		{3E0749C3-CFA4-4AC7-BA31-37649D4955F6}.Release|Any CPU.ActiveCfg = Release|Any CPU
		{3E0749C3-CFA4-4AC7-BA31-37649D4955F6}.Release|Any CPU.Build.0 = Release|Any CPU
		{344B8969-EF75-412F-B91B-C8A102613696}.Debug|Any CPU.ActiveCfg = Debug|Any CPU
		{344B8969-EF75-412F-B91B-C8A102613696}.Debug|Any CPU.Build.0 = Debug|Any CPU
		{344B8969-EF75-412F-B91B-C8A102613696}.Release|Any CPU.ActiveCfg = Release|Any CPU
		{344B8969-EF75-412F-B91B-C8A102613696}.Release|Any CPU.Build.0 = Release|Any CPU
		{DCCE56B7-D7B3-4298-964F-E08468E64E43}.Debug|Any CPU.ActiveCfg = Debug|Any CPU
		{DCCE56B7-D7B3-4298-964F-E08468E64E43}.Debug|Any CPU.Build.0 = Debug|Any CPU
		{DCCE56B7-D7B3-4298-964F-E08468E64E43}.Release|Any CPU.ActiveCfg = Release|Any CPU
		{DCCE56B7-D7B3-4298-964F-E08468E64E43}.Release|Any CPU.Build.0 = Release|Any CPU
	EndGlobalSection
	GlobalSection(SolutionProperties) = preSolution
		HideSolutionNode = FALSE
	EndGlobalSection
	GlobalSection(NestedProjects) = preSolution
		{130D2EFA-DACA-4131-AFA3-9FFFDA7E14BC} = {505568FA-2E2D-466C-9D09-37CC7167D2DF}
		{C0ACC6B5-9D4C-443E-85F2-CCC8E49E5254} = {D596B4EB-6F35-4180-AAC9-2348662DDD0A}
		{0939273B-B12D-4198-9B12-A32DC1F6FA8F} = {D596B4EB-6F35-4180-AAC9-2348662DDD0A}
		{3E05CAB5-EECC-484F-BC25-C1F83CC49D55} = {D596B4EB-6F35-4180-AAC9-2348662DDD0A}
		{8213D5C1-1AA8-4AFA-B52F-D319A25E4D60} = {D596B4EB-6F35-4180-AAC9-2348662DDD0A}
		{1DB52E99-1B9B-4E5B-A0FD-B80EEDB96FC4} = {D596B4EB-6F35-4180-AAC9-2348662DDD0A}
		{3922D1DD-AC6A-4775-87B6-483617E9504F} = {D596B4EB-6F35-4180-AAC9-2348662DDD0A}
		{AAB8A362-EA2C-4327-87C4-D31AB84322C9} = {D596B4EB-6F35-4180-AAC9-2348662DDD0A}
		{B630B2D5-0134-4AF3-B006-C4004A00238A} = {CCBF1859-CF7E-4AA6-96CB-864E1AD54087}
		{0A273CF6-07E9-43BC-BFC2-B7DFEC262CEA} = {CCBF1859-CF7E-4AA6-96CB-864E1AD54087}
		{4FF97F31-9329-4146-A57A-20FFF220F864} = {CCBF1859-CF7E-4AA6-96CB-864E1AD54087}
		{AAF50620-C042-425B-94A4-5866BA923489} = {CCBF1859-CF7E-4AA6-96CB-864E1AD54087}
		{BB26954A-53DF-43F8-A6B3-E38B3913B2A5} = {8553347A-1881-4529-A703-1457B04CC7A9}
		{34D4F99F-49CD-41B9-B628-4EDBFAD3D789} = {8553347A-1881-4529-A703-1457B04CC7A9}
		{918C68A2-384F-4B06-BEBF-76167D4B8B43} = {8553347A-1881-4529-A703-1457B04CC7A9}
		{6C9016E4-7AF8-44C7-B916-286540DE7E6D} = {505568FA-2E2D-466C-9D09-37CC7167D2DF}
		{BE9409EB-D0C4-4E12-8779-536CDB062506} = {B86CCB7E-A66A-4F7C-BADB-5009B5939C4C}
		{3E0749C3-CFA4-4AC7-BA31-37649D4955F6} = {B86CCB7E-A66A-4F7C-BADB-5009B5939C4C}
		{344B8969-EF75-412F-B91B-C8A102613696} = {9B559BCF-246A-4C14-9497-FFE6961FFF5D}
		{DCCE56B7-D7B3-4298-964F-E08468E64E43} = {9B559BCF-246A-4C14-9497-FFE6961FFF5D}
	EndGlobalSection
EndGlobal
